
Microsoft Visual Studio Solution File, Format Version 12.00
# Visual Studio 2012
Project("{FAE04EC0-301F-11D3-BF4B-00C04F79EFBC}") = "Lab1Game", "Lab1Game\Lab1Game.csproj", "{A66BEB2C-7D71-4298-9C27-94B51305CEB7}"
EndProject
Global
	GlobalSection(SolutionConfigurationPlatforms) = preSolution
		Debug|x86 = Debug|x86
		Release|x86 = Release|x86
	EndGlobalSection
	GlobalSection(ProjectConfigurationPlatforms) = postSolution
		{A66BEB2C-7D71-4298-9C27-94B51305CEB7}.Debug|x86.ActiveCfg = Debug|x86
		{A66BEB2C-7D71-4298-9C27-94B51305CEB7}.Debug|x86.Build.0 = Debug|x86
		{A66BEB2C-7D71-4298-9C27-94B51305CEB7}.Release|x86.ActiveCfg = Release|x86
		{A66BEB2C-7D71-4298-9C27-94B51305CEB7}.Release|x86.Build.0 = Release|x86
	EndGlobalSection
	GlobalSection(SolutionProperties) = preSolution
		HideSolutionNode = FALSE
	EndGlobalSection
EndGlobal
